
Microsoft Visual Studio Solution File, Format Version 12.00
# Visual Studio Version 17
VisualStudioVersion = 17.0.31903.59
MinimumVisualStudioVersion = 10.0.40219.1
Project("{2150E333-8FDC-42A3-9474-1A3956D46DE8}") = "src", "src", "{0096FE89-A7BC-4868-8BF1-DEFB1B3E89A3}"
EndProject
Project("{FAE04EC0-301F-11D3-BF4B-00C04F79EFBC}") = "WebAPI", "src\WebAPI\WebAPI.csproj", "{38A6ACC9-944D-482D-B453-BE181AA1F1E7}"
EndProject
Project("{2150E333-8FDC-42A3-9474-1A3956D46DE8}") = "lib", "lib", "{47340E24-96E9-4E03-AC61-28B9741BA8B9}"
EndProject
Project("{2150E333-8FDC-42A3-9474-1A3956D46DE8}") = "RawgSharp", "RawgSharp", "{4D83A4B6-7A13-48D2-9138-B315B0675D60}"
EndProject
Project("{2150E333-8FDC-42A3-9474-1A3956D46DE8}") = "src", "src", "{40EE246C-EDC9-4EFB-8480-DAF295BC648D}"
EndProject
Project("{FAE04EC0-301F-11D3-BF4B-00C04F79EFBC}") = "RawgSharp", "lib\RawgSharp\src\RawgSharp\RawgSharp.csproj", "{DDC7A888-D5A3-40E0-B689-E820BF934C29}"
EndProject
Global
	GlobalSection(SolutionConfigurationPlatforms) = preSolution
		Debug|Any CPU = Debug|Any CPU
		Release|Any CPU = Release|Any CPU
	EndGlobalSection
	GlobalSection(SolutionProperties) = preSolution
		HideSolutionNode = FALSE
	EndGlobalSection
	GlobalSection(ProjectConfigurationPlatforms) = postSolution
		{38A6ACC9-944D-482D-B453-BE181AA1F1E7}.Debug|Any CPU.ActiveCfg = Debug|Any CPU
		{38A6ACC9-944D-482D-B453-BE181AA1F1E7}.Debug|Any CPU.Build.0 = Debug|Any CPU
		{38A6ACC9-944D-482D-B453-BE181AA1F1E7}.Release|Any CPU.ActiveCfg = Release|Any CPU
		{38A6ACC9-944D-482D-B453-BE181AA1F1E7}.Release|Any CPU.Build.0 = Release|Any CPU
		{DDC7A888-D5A3-40E0-B689-E820BF934C29}.Debug|Any CPU.ActiveCfg = Debug|Any CPU
		{DDC7A888-D5A3-40E0-B689-E820BF934C29}.Debug|Any CPU.Build.0 = Debug|Any CPU
		{DDC7A888-D5A3-40E0-B689-E820BF934C29}.Release|Any CPU.ActiveCfg = Release|Any CPU
		{DDC7A888-D5A3-40E0-B689-E820BF934C29}.Release|Any CPU.Build.0 = Release|Any CPU
	EndGlobalSection
	GlobalSection(NestedProjects) = preSolution
		{38A6ACC9-944D-482D-B453-BE181AA1F1E7} = {0096FE89-A7BC-4868-8BF1-DEFB1B3E89A3}
		{4D83A4B6-7A13-48D2-9138-B315B0675D60} = {47340E24-96E9-4E03-AC61-28B9741BA8B9}
		{40EE246C-EDC9-4EFB-8480-DAF295BC648D} = {4D83A4B6-7A13-48D2-9138-B315B0675D60}
		{DDC7A888-D5A3-40E0-B689-E820BF934C29} = {40EE246C-EDC9-4EFB-8480-DAF295BC648D}
	EndGlobalSection
EndGlobal
